
Microsoft Visual Studio Solution File, Format Version 12.00
# Visual Studio Version 17
VisualStudioVersion = 17.8.34330.188
MinimumVisualStudioVersion = 10.0.40219.1
Project("{FAE04EC0-301F-11D3-BF4B-00C04F79EFBC}") = "Account.MVC", "Account.MVC\Account.MVC.csproj", "{C7A5C121-7F73-426F-8718-45BAE5F8FE62}"
EndProject
Project("{FAE04EC0-301F-11D3-BF4B-00C04F79EFBC}") = "Account.DAL", "Account.DAL\Account.DAL.csproj", "{1FB3E440-132F-4DBD-8555-EB5EE1E79DD7}"
EndProject
Project("{FAE04EC0-301F-11D3-BF4B-00C04F79EFBC}") = "Account.BL", "Account.BL\Account.BL.csproj", "{B0181894-74D9-4750-9F61-401C110D90BD}"
EndProject
Global
	GlobalSection(SolutionConfigurationPlatforms) = preSolution
		Debug|Any CPU = Debug|Any CPU
		Release|Any CPU = Release|Any CPU
	EndGlobalSection
	GlobalSection(ProjectConfigurationPlatforms) = postSolution
		{C7A5C121-7F73-426F-8718-45BAE5F8FE62}.Debug|Any CPU.ActiveCfg = Debug|Any CPU
		{C7A5C121-7F73-426F-8718-45BAE5F8FE62}.Debug|Any CPU.Build.0 = Debug|Any CPU
		{C7A5C121-7F73-426F-8718-45BAE5F8FE62}.Release|Any CPU.ActiveCfg = Release|Any CPU
		{C7A5C121-7F73-426F-8718-45BAE5F8FE62}.Release|Any CPU.Build.0 = Release|Any CPU
		{1FB3E440-132F-4DBD-8555-EB5EE1E79DD7}.Debug|Any CPU.ActiveCfg = Debug|Any CPU
		{1FB3E440-132F-4DBD-8555-EB5EE1E79DD7}.Debug|Any CPU.Build.0 = Debug|Any CPU
		{1FB3E440-132F-4DBD-8555-EB5EE1E79DD7}.Release|Any CPU.ActiveCfg = Release|Any CPU
		{1FB3E440-132F-4DBD-8555-EB5EE1E79DD7}.Release|Any CPU.Build.0 = Release|Any CPU
		{B0181894-74D9-4750-9F61-401C110D90BD}.Debug|Any CPU.ActiveCfg = Debug|Any CPU
		{B0181894-74D9-4750-9F61-401C110D90BD}.Debug|Any CPU.Build.0 = Debug|Any CPU
		{B0181894-74D9-4750-9F61-401C110D90BD}.Release|Any CPU.ActiveCfg = Release|Any CPU
		{B0181894-74D9-4750-9F61-401C110D90BD}.Release|Any CPU.Build.0 = Release|Any CPU
	EndGlobalSection
	GlobalSection(SolutionProperties) = preSolution
		HideSolutionNode = FALSE
	EndGlobalSection
	GlobalSection(ExtensibilityGlobals) = postSolution
		SolutionGuid = {BF21EEAB-11C3-40ED-9515-317EDD541F58}
	EndGlobalSection
EndGlobal
